{
    "_readme": [
        "This file locks the dependencies of your project to a known state",
        "Read more about it at https://getcomposer.org/doc/01-basic-usage.md#composer-lock-the-lock-file",
        "This file is @generated automatically"
    ],
    "hash": "aab26efbf5558a80cd82511099e5bcd0",
    "content-hash": "96b351c8245d89b42070a9b0423e69ce",
    "packages": [
        {
            "name": "turuwo3/activerecord",
            "version": "dev-develop",
            "source": {
                "type": "git",
                "url": "https://github.com/turuwo3/activerecord.git",
                "reference": "9e7220a68528985c153028ad8175b7798356335e"
            },
            "dist": {
                "type": "zip",
                "url": "https://api.github.com/repos/turuwo3/activerecord/zipball/9e7220a68528985c153028ad8175b7798356335e",
                "reference": "9e7220a68528985c153028ad8175b7798356335e",
                "shasum": ""
            },
            "type": "library",
            "autoload": {
                "psr-4": {
                    "TRW\\ActiveRecord\\": "."
                }
            },
            "notification-url": "https://packagist.org/downloads/",
            "license": [
                "MIT"
            ],
            "description": "activerecord!",
            "time": "2016-01-21 15:10:49"
        },
        {
            "name": "turuwo3/kariume",
            "version": "dev-develop",
            "source": {
                "type": "git",
                "url": "https://github.com/turuwo3/kariume.git",
                "reference": "be69c9a03cc039a7cb4147c03d4565d5a24d4fc8"
            },
            "dist": {
                "type": "zip",
                "url": "https://api.github.com/repos/turuwo3/kariume/zipball/be69c9a03cc039a7cb4147c03d4565d5a24d4fc8",
                "reference": "be69c9a03cc039a7cb4147c03d4565d5a24d4fc8",
                "shasum": ""
            },
            "require": {
                "turuwo3/activerecord": "dev-develop"
            },
            "type": "library",
            "autoload": {
                "psr-4": {
                    "TRW\\": "src"
                }
            },
            "notification-url": "https://packagist.org/downloads/",
            "license": [
                "MIT"
            ],
            "description": "skeleton app",
            "time": "2016-01-26 01:12:09"
        }
    ],
    "packages-dev": [],
    "aliases": [],
    "minimum-stability": "stable",
    "stability-flags": {
        "turuwo3/kariume": 20,
        "turuwo3/activerecord": 20
    },
    "prefer-stable": false,
    "prefer-lowest": false,
    "platform": [],
    "platform-dev": []
}
